
Microsoft Visual Studio Solution File, Format Version 12.00
# Visual Studio Version 17
VisualStudioVersion = 17.7.34221.43
MinimumVisualStudioVersion = 10.0.40219.1
Project("{FAE04EC0-301F-11D3-BF4B-00C04F79EFBC}") = "DiceGame", "DiceGame\DiceGame.csproj", "{6CEFEB66-A715-410A-9CC2-2D2227FC1EFD}"
EndProject
Global
	GlobalSection(SolutionConfigurationPlatforms) = preSolution
		Debug|Any CPU = Debug|Any CPU
		Release|Any CPU = Release|Any CPU
	EndGlobalSection
	GlobalSection(ProjectConfigurationPlatforms) = postSolution
		{6CEFEB66-A715-410A-9CC2-2D2227FC1EFD}.Debug|Any CPU.ActiveCfg = Debug|Any CPU
		{6CEFEB66-A715-410A-9CC2-2D2227FC1EFD}.Debug|Any CPU.Build.0 = Debug|Any CPU
		{6CEFEB66-A715-410A-9CC2-2D2227FC1EFD}.Release|Any CPU.ActiveCfg = Release|Any CPU
		{6CEFEB66-A715-410A-9CC2-2D2227FC1EFD}.Release|Any CPU.Build.0 = Release|Any CPU
	EndGlobalSection
	GlobalSection(SolutionProperties) = preSolution
		HideSolutionNode = FALSE
	EndGlobalSection
	GlobalSection(ExtensibilityGlobals) = postSolution
		SolutionGuid = {4D41B5E2-DBD8-4C7C-9BA8-367197CF4281}
	EndGlobalSection
EndGlobal
