
Microsoft Visual Studio Solution File, Format Version 12.00
# Visual Studio Version 17
VisualStudioVersion = 17.7.34221.43
MinimumVisualStudioVersion = 10.0.40219.1
Project("{FAE04EC0-301F-11D3-BF4B-00C04F79EFBC}") = "ProjectLevelBiginner", "ProjectLevelBiginner\ProjectLevelBiginner.csproj", "{9D9BC5FC-564D-45D8-8909-3B659B58C284}"
EndProject
Global
	GlobalSection(SolutionConfigurationPlatforms) = preSolution
		Debug|Any CPU = Debug|Any CPU
		Release|Any CPU = Release|Any CPU
	EndGlobalSection
	GlobalSection(ProjectConfigurationPlatforms) = postSolution
		{9D9BC5FC-564D-45D8-8909-3B659B58C284}.Debug|Any CPU.ActiveCfg = Debug|Any CPU
		{9D9BC5FC-564D-45D8-8909-3B659B58C284}.Debug|Any CPU.Build.0 = Debug|Any CPU
		{9D9BC5FC-564D-45D8-8909-3B659B58C284}.Release|Any CPU.ActiveCfg = Release|Any CPU
		{9D9BC5FC-564D-45D8-8909-3B659B58C284}.Release|Any CPU.Build.0 = Release|Any CPU
	EndGlobalSection
	GlobalSection(SolutionProperties) = preSolution
		HideSolutionNode = FALSE
	EndGlobalSection
	GlobalSection(ExtensibilityGlobals) = postSolution
		SolutionGuid = {C9A9F087-C90C-4561-A926-96B174D7426D}
	EndGlobalSection
EndGlobal
